
Microsoft Visual Studio Solution File, Format Version 12.00
# Visual Studio Version 16
VisualStudioVersion = 25.0.1706.3
MinimumVisualStudioVersion = 10.0.40219.1
Project("{FAE04EC0-301F-11D3-BF4B-00C04F79EFBC}") = "ToolLibrary", "ToolLibrary.csproj", "{3986E5A5-DF86-493B-A2D6-8E41098F8203}"
EndProject
Global
	GlobalSection(SolutionConfigurationPlatforms) = preSolution
		Debug|Any CPU = Debug|Any CPU
		Release|Any CPU = Release|Any CPU
	EndGlobalSection
	GlobalSection(ProjectConfigurationPlatforms) = postSolution
		{3986E5A5-DF86-493B-A2D6-8E41098F8203}.Debug|Any CPU.ActiveCfg = Debug|Any CPU
		{3986E5A5-DF86-493B-A2D6-8E41098F8203}.Debug|Any CPU.Build.0 = Debug|Any CPU
		{3986E5A5-DF86-493B-A2D6-8E41098F8203}.Release|Any CPU.ActiveCfg = Release|Any CPU
		{3986E5A5-DF86-493B-A2D6-8E41098F8203}.Release|Any CPU.Build.0 = Release|Any CPU
	EndGlobalSection
	GlobalSection(SolutionProperties) = preSolution
		HideSolutionNode = FALSE
	EndGlobalSection
	GlobalSection(ExtensibilityGlobals) = postSolution
		SolutionGuid = {FF134F84-5F32-471C-B14A-10A164C13793}
	EndGlobalSection
EndGlobal
